
Microsoft Visual Studio Solution File, Format Version 12.00
# Visual Studio Version 16
VisualStudioVersion = 16.0.31605.320
MinimumVisualStudioVersion = 10.0.40219.1
Project("{9A19103F-16F7-4668-BE54-9A1E7A4F7556}") = "Saraja", "Saraja\Saraja.csproj", "{2823A965-7320-4692-BD08-085860EDC52E}"
EndProject
Project("{E53339B2-1760-4266-BCC7-CA923CBCF16C}") = "docker-compose", "docker-compose.dcproj", "{F8AB2BBE-BD79-44CB-8271-815DB751D127}"
EndProject
Global
	GlobalSection(SolutionConfigurationPlatforms) = preSolution
		Debug|Any CPU = Debug|Any CPU
		Release|Any CPU = Release|Any CPU
	EndGlobalSection
	GlobalSection(ProjectConfigurationPlatforms) = postSolution
		{2823A965-7320-4692-BD08-085860EDC52E}.Debug|Any CPU.ActiveCfg = Debug|Any CPU
		{2823A965-7320-4692-BD08-085860EDC52E}.Debug|Any CPU.Build.0 = Debug|Any CPU
		{2823A965-7320-4692-BD08-085860EDC52E}.Release|Any CPU.ActiveCfg = Release|Any CPU
		{2823A965-7320-4692-BD08-085860EDC52E}.Release|Any CPU.Build.0 = Release|Any CPU
		{F8AB2BBE-BD79-44CB-8271-815DB751D127}.Debug|Any CPU.ActiveCfg = Debug|Any CPU
		{F8AB2BBE-BD79-44CB-8271-815DB751D127}.Debug|Any CPU.Build.0 = Debug|Any CPU
		{F8AB2BBE-BD79-44CB-8271-815DB751D127}.Release|Any CPU.ActiveCfg = Release|Any CPU
		{F8AB2BBE-BD79-44CB-8271-815DB751D127}.Release|Any CPU.Build.0 = Release|Any CPU
	EndGlobalSection
	GlobalSection(SolutionProperties) = preSolution
		HideSolutionNode = FALSE
	EndGlobalSection
	GlobalSection(ExtensibilityGlobals) = postSolution
		SolutionGuid = {A3A653D4-CE8C-4A66-A7DB-DC717E3C4CF6}
	EndGlobalSection
EndGlobal
